{
    "version": 3,
    "terraform_version": "0.7.3",
    "serial": 3,
    "lineage": "a4fee06f-98da-49dd-8c68-6435d789e392",
    "modules": [
        {
            "path": [
                "root"
            ],
            "outputs": {},
            "resources": {
                "aws_eip.nat": {
                    "type": "aws_eip",
                    "depends_on": [],
                    "primary": {
                        "id": "eipalloc-ec0b48de",
                        "attributes": {
                            "association_id": "",
                            "domain": "vpc",
                            "id": "eipalloc-ec0b48de",
                            "instance": "",
                            "network_interface": "",
                            "private_ip": "",
                            "public_ip": "34.196.5.220",
                            "vpc": "true"
                        },
                        "meta": {},
                        "tainted": false
                    },
                    "deposed": [],
                    "provider": ""
                },
                "aws_internet_gateway.main-gw": {
                    "type": "aws_internet_gateway",
                    "depends_on": [
                        "aws_vpc.main"
                    ],
                    "primary": {
                        "id": "igw-8ab644f3",
                        "attributes": {
                            "id": "igw-8ab644f3",
                            "tags.%": "1",
                            "tags.Name": "main",
                            "vpc_id": "vpc-9ba0bae2"
                        },
                        "meta": {},
                        "tainted": false
                    },
                    "deposed": [],
                    "provider": ""
                },
                "aws_nat_gateway.nat-gw": {
                    "type": "aws_nat_gateway",
                    "depends_on": [
                        "aws_eip.nat",
                        "aws_internet_gateway.main-gw",
                        "aws_subnet.main-public-1"
                    ],
                    "primary": {
                        "id": "nat-0b77c33d246c71496",
                        "attributes": {
                            "allocation_id": "eipalloc-ec0b48de",
                            "id": "nat-0b77c33d246c71496",
                            "network_interface_id": "eni-7c995adf",
                            "private_ip": "10.0.1.172",
                            "public_ip": "34.196.5.220",
                            "subnet_id": "subnet-205d620c"
                        },
                        "meta": {},
                        "tainted": false
                    },
                    "deposed": [],
                    "provider": ""
                },
                "aws_route_table.main-private": {
                    "type": "aws_route_table",
                    "depends_on": [
                        "aws_nat_gateway.nat-gw",
                        "aws_vpc.main"
                    ],
                    "primary": {
                        "id": "rtb-1ff4c564",
                        "attributes": {
                            "id": "rtb-1ff4c564",
                            "propagating_vgws.#": "0",
                            "route.#": "1",
                            "route.811472376.cidr_block": "0.0.0.0/0",
                            "route.811472376.gateway_id": "",
                            "route.811472376.instance_id": "",
                            "route.811472376.nat_gateway_id": "nat-0b77c33d246c71496",
                            "route.811472376.network_interface_id": "",
                            "route.811472376.vpc_peering_connection_id": "",
                            "tags.%": "1",
                            "tags.Name": "main-private-1",
                            "vpc_id": "vpc-9ba0bae2"
                        },
                        "meta": {},
                        "tainted": false
                    },
                    "deposed": [],
                    "provider": ""
                },
                "aws_route_table.main-public": {
                    "type": "aws_route_table",
                    "depends_on": [
                        "aws_internet_gateway.main-gw",
                        "aws_vpc.main"
                    ],
                    "primary": {
                        "id": "rtb-6bf9c810",
                        "attributes": {
                            "id": "rtb-6bf9c810",
                            "propagating_vgws.#": "0",
                            "route.#": "1",
                            "route.2626644183.cidr_block": "0.0.0.0/0",
                            "route.2626644183.gateway_id": "igw-8ab644f3",
                            "route.2626644183.instance_id": "",
                            "route.2626644183.nat_gateway_id": "",
                            "route.2626644183.network_interface_id": "",
                            "route.2626644183.vpc_peering_connection_id": "",
                            "tags.%": "1",
                            "tags.Name": "main-public-1",
                            "vpc_id": "vpc-9ba0bae2"
                        },
                        "meta": {},
                        "tainted": false
                    },
                    "deposed": [],
                    "provider": ""
                },
                "aws_route_table_association.main-private-1-a": {
                    "type": "aws_route_table_association",
                    "depends_on": [
                        "aws_route_table.main-private",
                        "aws_subnet.main-private-1"
                    ],
                    "primary": {
                        "id": "rtbassoc-c92d1eb3",
                        "attributes": {
                            "id": "rtbassoc-c92d1eb3",
                            "route_table_id": "rtb-1ff4c564",
                            "subnet_id": "subnet-f66758da"
                        },
                        "meta": {},
                        "tainted": false
                    },
                    "deposed": [],
                    "provider": ""
                },
                "aws_route_table_association.main-private-2-a": {
                    "type": "aws_route_table_association",
                    "depends_on": [
                        "aws_route_table.main-private",
                        "aws_subnet.main-private-2"
                    ],
                    "primary": {
                        "id": "rtbassoc-fd2e1d87",
                        "attributes": {
                            "id": "rtbassoc-fd2e1d87",
                            "route_table_id": "rtb-1ff4c564",
                            "subnet_id": "subnet-3501fd7e"
                        },
                        "meta": {},
                        "tainted": false
                    },
                    "deposed": [],
                    "provider": ""
                },
                "aws_route_table_association.main-private-3-a": {
                    "type": "aws_route_table_association",
                    "depends_on": [
                        "aws_route_table.main-private",
                        "aws_subnet.main-private-3"
                    ],
                    "primary": {
                        "id": "rtbassoc-5c142726",
                        "attributes": {
                            "id": "rtbassoc-5c142726",
                            "route_table_id": "rtb-1ff4c564",
                            "subnet_id": "subnet-3f695965"
                        },
                        "meta": {},
                        "tainted": false
                    },
                    "deposed": [],
                    "provider": ""
                },
                "aws_route_table_association.main-public-1-a": {
                    "type": "aws_route_table_association",
                    "depends_on": [
                        "aws_route_table.main-public",
                        "aws_subnet.main-public-1"
                    ],
                    "primary": {
                        "id": "rtbassoc-e8112292",
                        "attributes": {
                            "id": "rtbassoc-e8112292",
                            "route_table_id": "rtb-6bf9c810",
                            "subnet_id": "subnet-205d620c"
                        },
                        "meta": {},
                        "tainted": false
                    },
                    "deposed": [],
                    "provider": ""
                },
                "aws_route_table_association.main-public-2-a": {
                    "type": "aws_route_table_association",
                    "depends_on": [
                        "aws_route_table.main-public",
                        "aws_subnet.main-public-2"
                    ],
                    "primary": {
                        "id": "rtbassoc-2415265e",
                        "attributes": {
                            "id": "rtbassoc-2415265e",
                            "route_table_id": "rtb-6bf9c810",
                            "subnet_id": "subnet-1b7a8650"
                        },
                        "meta": {},
                        "tainted": false
                    },
                    "deposed": [],
                    "provider": ""
                },
                "aws_route_table_association.main-public-3-a": {
                    "type": "aws_route_table_association",
                    "depends_on": [
                        "aws_route_table.main-public",
                        "aws_subnet.main-public-3"
                    ],
                    "primary": {
                        "id": "rtbassoc-441b283e",
                        "attributes": {
                            "id": "rtbassoc-441b283e",
                            "route_table_id": "rtb-6bf9c810",
                            "subnet_id": "subnet-ef6656b5"
                        },
                        "meta": {},
                        "tainted": false
                    },
                    "deposed": [],
                    "provider": ""
                },
                "aws_subnet.main-private-1": {
                    "type": "aws_subnet",
                    "depends_on": [
                        "aws_vpc.main"
                    ],
                    "primary": {
                        "id": "subnet-f66758da",
                        "attributes": {
                            "availability_zone": "us-east-1a",
                            "cidr_block": "10.0.4.0/24",
                            "id": "subnet-f66758da",
                            "map_public_ip_on_launch": "false",
                            "tags.%": "1",
                            "tags.Name": "main-private-1",
                            "vpc_id": "vpc-9ba0bae2"
                        },
                        "meta": {},
                        "tainted": false
                    },
                    "deposed": [],
                    "provider": ""
                },
                "aws_subnet.main-private-2": {
                    "type": "aws_subnet",
                    "depends_on": [
                        "aws_vpc.main"
                    ],
                    "primary": {
                        "id": "subnet-3501fd7e",
                        "attributes": {
                            "availability_zone": "us-east-1b",
                            "cidr_block": "10.0.5.0/24",
                            "id": "subnet-3501fd7e",
                            "map_public_ip_on_launch": "false",
                            "tags.%": "1",
                            "tags.Name": "main-private-2",
                            "vpc_id": "vpc-9ba0bae2"
                        },
                        "meta": {},
                        "tainted": false
                    },
                    "deposed": [],
                    "provider": ""
                },
                "aws_subnet.main-private-3": {
                    "type": "aws_subnet",
                    "depends_on": [
                        "aws_vpc.main"
                    ],
                    "primary": {
                        "id": "subnet-3f695965",
                        "attributes": {
                            "availability_zone": "us-east-1c",
                            "cidr_block": "10.0.6.0/24",
                            "id": "subnet-3f695965",
                            "map_public_ip_on_launch": "false",
                            "tags.%": "1",
                            "tags.Name": "main-private-3",
                            "vpc_id": "vpc-9ba0bae2"
                        },
                        "meta": {},
                        "tainted": false
                    },
                    "deposed": [],
                    "provider": ""
                },
                "aws_subnet.main-public-1": {
                    "type": "aws_subnet",
                    "depends_on": [
                        "aws_vpc.main"
                    ],
                    "primary": {
                        "id": "subnet-205d620c",
                        "attributes": {
                            "availability_zone": "us-east-1a",
                            "cidr_block": "10.0.1.0/24",
                            "id": "subnet-205d620c",
                            "map_public_ip_on_launch": "true",
                            "tags.%": "1",
                            "tags.Name": "main-public-1",
                            "vpc_id": "vpc-9ba0bae2"
                        },
                        "meta": {},
                        "tainted": false
                    },
                    "deposed": [],
                    "provider": ""
                },
                "aws_subnet.main-public-2": {
                    "type": "aws_subnet",
                    "depends_on": [
                        "aws_vpc.main"
                    ],
                    "primary": {
                        "id": "subnet-1b7a8650",
                        "attributes": {
                            "availability_zone": "us-east-1b",
                            "cidr_block": "10.0.2.0/24",
                            "id": "subnet-1b7a8650",
                            "map_public_ip_on_launch": "true",
                            "tags.%": "1",
                            "tags.Name": "main-public-2",
                            "vpc_id": "vpc-9ba0bae2"
                        },
                        "meta": {},
                        "tainted": false
                    },
                    "deposed": [],
                    "provider": ""
                },
                "aws_subnet.main-public-3": {
                    "type": "aws_subnet",
                    "depends_on": [
                        "aws_vpc.main"
                    ],
                    "primary": {
                        "id": "subnet-ef6656b5",
                        "attributes": {
                            "availability_zone": "us-east-1c",
                            "cidr_block": "10.0.3.0/24",
                            "id": "subnet-ef6656b5",
                            "map_public_ip_on_launch": "true",
                            "tags.%": "1",
                            "tags.Name": "main-public-3",
                            "vpc_id": "vpc-9ba0bae2"
                        },
                        "meta": {},
                        "tainted": false
                    },
                    "deposed": [],
                    "provider": ""
                },
                "aws_vpc.main": {
                    "type": "aws_vpc",
                    "depends_on": [],
                    "primary": {
                        "id": "vpc-9ba0bae2",
                        "attributes": {
                            "cidr_block": "10.0.0.0/16",
                            "default_network_acl_id": "acl-4567f73d",
                            "default_route_table_id": "rtb-37fbca4c",
                            "default_security_group_id": "sg-107ae363",
                            "dhcp_options_id": "dopt-53956f2a",
                            "enable_classiclink": "false",
                            "enable_dns_hostnames": "true",
                            "enable_dns_support": "true",
                            "id": "vpc-9ba0bae2",
                            "instance_tenancy": "default",
                            "main_route_table_id": "rtb-37fbca4c",
                            "tags.%": "3",
                            "tags.Name": "main",
                            "tags.OS": "linux",
                            "tags.Purp": "test_env"
                        },
                        "meta": {},
                        "tainted": false
                    },
                    "deposed": [],
                    "provider": ""
                }
            },
            "depends_on": []
        }
    ]
}
