{
    "version": 3,
    "terraform_version": "0.7.3",
    "serial": 10,
    "lineage": "70efeb6a-ebf1-4c9c-8016-e1e8f3bfacaa",
    "modules": [
        {
            "path": [
                "root"
            ],
            "outputs": {
                "instance": {
                    "sensitive": false,
                    "type": "string",
                    "value": "ec2-54-164-225-73.compute-1.amazonaws.com"
                },
                "instance-2": {
                    "sensitive": false,
                    "type": "string",
                    "value": "ec2-54-226-117-13.compute-1.amazonaws.com"
                },
                "instance-3": {
                    "sensitive": false,
                    "type": "string",
                    "value": "ec2-35-174-5-89.compute-1.amazonaws.com"
                }
            },
            "resources": {
                "aws_elb.Web-elb": {
                    "type": "aws_elb",
                    "depends_on": [
                        "aws_instance.Nginx-1",
                        "aws_instance.Nginx-2",
                        "aws_security_group.allow_ssh",
                        "aws_subnet.pub_subnet_1",
                        "aws_subnet.pub_subnet_2"
                    ],
                    "primary": {
                        "id": "web-elb",
                        "attributes": {
                            "access_logs.#": "0",
                            "availability_zones.#": "2",
                            "availability_zones.1305112097": "us-east-1b",
                            "availability_zones.3569565595": "us-east-1a",
                            "connection_draining": "true",
                            "connection_draining_timeout": "400",
                            "cross_zone_load_balancing": "true",
                            "dns_name": "web-elb-941353597.us-east-1.elb.amazonaws.com",
                            "health_check.#": "1",
                            "health_check.0.healthy_threshold": "2",
                            "health_check.0.interval": "30",
                            "health_check.0.target": "http:80/",
                            "health_check.0.timeout": "3",
                            "health_check.0.unhealthy_threshold": "2",
                            "id": "web-elb",
                            "idle_timeout": "60",
                            "instances.#": "2",
                            "instances.2055666974": "i-0685a5efd980aaea3",
                            "instances.2630576656": "i-028b6e8a68ace441f",
                            "internal": "false",
                            "listener.#": "1",
                            "listener.3057123346.instance_port": "80",
                            "listener.3057123346.instance_protocol": "http",
                            "listener.3057123346.lb_port": "80",
                            "listener.3057123346.lb_protocol": "http",
                            "listener.3057123346.ssl_certificate_id": "",
                            "name": "web-elb",
                            "security_groups.#": "1",
                            "security_groups.1514631938": "sg-eca9129a",
                            "source_security_group": "752885555670/allow_ssh",
                            "source_security_group_id": "sg-eca9129a",
                            "subnets.#": "2",
                            "subnets.3427030975": "subnet-6067484f",
                            "subnets.4026621377": "subnet-323ec878",
                            "tags.%": "1",
                            "tags.Name": "Web-elb",
                            "zone_id": "Z35SXDOTRQ7X7K"
                        },
                        "meta": {},
                        "tainted": false
                    },
                    "deposed": [],
                    "provider": ""
                },
                "aws_instance.Bastion_Host": {
                    "type": "aws_instance",
                    "depends_on": [
                        "aws_key_pair.linux1",
                        "aws_security_group.Bastion_host",
                        "aws_subnet.pub_subnet_1"
                    ],
                    "primary": {
                        "id": "i-04bfea849df721df7",
                        "attributes": {
                            "ami": "ami-97785bed",
                            "availability_zone": "us-east-1a",
                            "disable_api_termination": "false",
                            "ebs_block_device.#": "0",
                            "ebs_optimized": "false",
                            "ephemeral_block_device.#": "0",
                            "iam_instance_profile": "",
                            "id": "i-04bfea849df721df7",
                            "instance_state": "running",
                            "instance_type": "t2.micro",
                            "key_name": "linux1",
                            "monitoring": "true",
                            "network_interface_id": "eni-34e580fb",
                            "private_dns": "ip-10-10-0-25.ec2.internal",
                            "private_ip": "10.10.0.25",
                            "public_dns": "ec2-35-174-5-89.compute-1.amazonaws.com",
                            "public_ip": "35.174.5.89",
                            "root_block_device.#": "1",
                            "root_block_device.0.delete_on_termination": "true",
                            "root_block_device.0.iops": "100",
                            "root_block_device.0.volume_size": "8",
                            "root_block_device.0.volume_type": "gp2",
                            "security_groups.#": "0",
                            "source_dest_check": "true",
                            "subnet_id": "subnet-6067484f",
                            "tags.%": "1",
                            "tags.Name": "Bastion_Host",
                            "tenancy": "default",
                            "vpc_security_group_ids.#": "1",
                            "vpc_security_group_ids.3074605888": "sg-cfb209b9"
                        },
                        "meta": {
                            "schema_version": "1"
                        },
                        "tainted": false
                    },
                    "deposed": [],
                    "provider": ""
                },
                "aws_instance.Nginx-1": {
                    "type": "aws_instance",
                    "depends_on": [
                        "aws_key_pair.linux1",
                        "aws_security_group.allow_ssh",
                        "aws_subnet.pub_subnet_1"
                    ],
                    "primary": {
                        "id": "i-028b6e8a68ace441f",
                        "attributes": {
                            "ami": "ami-97785bed",
                            "availability_zone": "us-east-1a",
                            "disable_api_termination": "false",
                            "ebs_block_device.#": "0",
                            "ebs_optimized": "false",
                            "ephemeral_block_device.#": "0",
                            "iam_instance_profile": "",
                            "id": "i-028b6e8a68ace441f",
                            "instance_state": "running",
                            "instance_type": "t2.micro",
                            "key_name": "linux1",
                            "monitoring": "true",
                            "network_interface_id": "eni-779bfeb8",
                            "private_dns": "ip-10-10-0-98.ec2.internal",
                            "private_ip": "10.10.0.98",
                            "public_dns": "ec2-54-164-225-73.compute-1.amazonaws.com",
                            "public_ip": "54.164.225.73",
                            "root_block_device.#": "1",
                            "root_block_device.0.delete_on_termination": "true",
                            "root_block_device.0.iops": "100",
                            "root_block_device.0.volume_size": "8",
                            "root_block_device.0.volume_type": "gp2",
                            "security_groups.#": "0",
                            "source_dest_check": "true",
                            "subnet_id": "subnet-6067484f",
                            "tags.%": "1",
                            "tags.Name": "NGINX-1",
                            "tenancy": "default",
                            "vpc_security_group_ids.#": "1",
                            "vpc_security_group_ids.1514631938": "sg-eca9129a"
                        },
                        "meta": {
                            "schema_version": "1"
                        },
                        "tainted": false
                    },
                    "deposed": [],
                    "provider": ""
                },
                "aws_instance.Nginx-2": {
                    "type": "aws_instance",
                    "depends_on": [
                        "aws_key_pair.linux1",
                        "aws_security_group.allow_ssh",
                        "aws_subnet.pub_subnet_2"
                    ],
                    "primary": {
                        "id": "i-0685a5efd980aaea3",
                        "attributes": {
                            "ami": "ami-97785bed",
                            "availability_zone": "us-east-1b",
                            "disable_api_termination": "false",
                            "ebs_block_device.#": "0",
                            "ebs_optimized": "false",
                            "ephemeral_block_device.#": "0",
                            "iam_instance_profile": "",
                            "id": "i-0685a5efd980aaea3",
                            "instance_state": "running",
                            "instance_type": "t2.micro",
                            "key_name": "linux1",
                            "monitoring": "true",
                            "network_interface_id": "eni-25ff3e3d",
                            "private_dns": "ip-10-10-0-248.ec2.internal",
                            "private_ip": "10.10.0.248",
                            "public_dns": "ec2-54-226-117-13.compute-1.amazonaws.com",
                            "public_ip": "54.226.117.13",
                            "root_block_device.#": "1",
                            "root_block_device.0.delete_on_termination": "true",
                            "root_block_device.0.iops": "100",
                            "root_block_device.0.volume_size": "8",
                            "root_block_device.0.volume_type": "gp2",
                            "security_groups.#": "0",
                            "source_dest_check": "true",
                            "subnet_id": "subnet-323ec878",
                            "tags.%": "1",
                            "tags.Name": "NGINX-2",
                            "tenancy": "default",
                            "vpc_security_group_ids.#": "1",
                            "vpc_security_group_ids.1514631938": "sg-eca9129a"
                        },
                        "meta": {
                            "schema_version": "1"
                        },
                        "tainted": false
                    },
                    "deposed": [],
                    "provider": ""
                },
                "aws_internet_gateway.IGW": {
                    "type": "aws_internet_gateway",
                    "depends_on": [
                        "aws_vpc.Bancroft_Group"
                    ],
                    "primary": {
                        "id": "igw-db4d9aa3",
                        "attributes": {
                            "id": "igw-db4d9aa3",
                            "tags.%": "0",
                            "vpc_id": "vpc-e146f79a"
                        },
                        "meta": {},
                        "tainted": false
                    },
                    "deposed": [],
                    "provider": ""
                },
                "aws_key_pair.linux1": {
                    "type": "aws_key_pair",
                    "depends_on": [],
                    "primary": {
                        "id": "linux1",
                        "attributes": {
                            "fingerprint": "9a:4b:77:31:49:ae:33:31:58:4a:4e:1c:8b:05:6e:3e",
                            "id": "linux1",
                            "key_name": "linux1",
                            "public_key": "ssh-rsa AAAAB3NzaC1yc2EAAAADAQABAAABAQC+ChB1+P8pUImV3CAW+CPQCjmLq509yzX06wtvWJepGaCVQO1B3CcPKjnryigLB+2HWmRXNfMalv/3iQPUoOGjqle1K4YJe+1yI0inbsyzlvEXelLUFwcewjuKEX4aOv2IRNPhNuUBwfpFIw+EPqnMA0mkVABgqiWIpE/eTfTvp0qpZTV5ywxomSSKl4aqQ4DXiUvpPjc56m+faQ0i5elkiijPVsuCdRTL06vFMMxN3xYcM7ROF+4fG/9x+zQyN6R5j363+AcdxFruGfK0S2Qs9e+W7u0dimWdBdFe+ClsjVA5MD6qT9oHMDmhfUYb7F7wyBIWSA07P02hAS1lHBvJ administrator@MacBook-Pro.local"
                        },
                        "meta": {
                            "schema_version": "1"
                        },
                        "tainted": false
                    },
                    "deposed": [],
                    "provider": ""
                },
                "aws_route_table.rtb": {
                    "type": "aws_route_table",
                    "depends_on": [
                        "aws_internet_gateway.IGW",
                        "aws_vpc.Bancroft_Group"
                    ],
                    "primary": {
                        "id": "rtb-0c248270",
                        "attributes": {
                            "id": "rtb-0c248270",
                            "propagating_vgws.#": "0",
                            "route.#": "1",
                            "route.2095403460.cidr_block": "0.0.0.0/0",
                            "route.2095403460.gateway_id": "igw-db4d9aa3",
                            "route.2095403460.instance_id": "",
                            "route.2095403460.nat_gateway_id": "",
                            "route.2095403460.network_interface_id": "",
                            "route.2095403460.vpc_peering_connection_id": "",
                            "tags.%": "0",
                            "vpc_id": "vpc-e146f79a"
                        },
                        "meta": {},
                        "tainted": false
                    },
                    "deposed": [],
                    "provider": ""
                },
                "aws_route_table_association.main": {
                    "type": "aws_route_table_association",
                    "depends_on": [
                        "aws_route_table.rtb",
                        "aws_subnet.pub_subnet_2"
                    ],
                    "primary": {
                        "id": "rtbassoc-aa3331d6",
                        "attributes": {
                            "id": "rtbassoc-aa3331d6",
                            "route_table_id": "rtb-0c248270",
                            "subnet_id": "subnet-323ec878"
                        },
                        "meta": {},
                        "tainted": false
                    },
                    "deposed": [],
                    "provider": ""
                },
                "aws_security_group.Bastion_host": {
                    "type": "aws_security_group",
                    "depends_on": [
                        "aws_vpc.Bancroft_Group"
                    ],
                    "primary": {
                        "id": "sg-cfb209b9",
                        "attributes": {
                            "description": "Bastion_host",
                            "egress.#": "1",
                            "egress.482069346.cidr_blocks.#": "1",
                            "egress.482069346.cidr_blocks.0": "0.0.0.0/0",
                            "egress.482069346.from_port": "0",
                            "egress.482069346.prefix_list_ids.#": "0",
                            "egress.482069346.protocol": "-1",
                            "egress.482069346.security_groups.#": "0",
                            "egress.482069346.self": "false",
                            "egress.482069346.to_port": "0",
                            "id": "sg-cfb209b9",
                            "ingress.#": "2",
                            "ingress.1935612228.cidr_blocks.#": "1",
                            "ingress.1935612228.cidr_blocks.0": "192.52.2.76/32",
                            "ingress.1935612228.from_port": "0",
                            "ingress.1935612228.protocol": "-1",
                            "ingress.1935612228.security_groups.#": "0",
                            "ingress.1935612228.self": "false",
                            "ingress.1935612228.to_port": "0",
                            "ingress.3294058285.cidr_blocks.#": "1",
                            "ingress.3294058285.cidr_blocks.0": "196.52.2.76/32",
                            "ingress.3294058285.from_port": "22",
                            "ingress.3294058285.protocol": "tcp",
                            "ingress.3294058285.security_groups.#": "0",
                            "ingress.3294058285.self": "false",
                            "ingress.3294058285.to_port": "22",
                            "name": "bastion_host",
                            "owner_id": "752885555670",
                            "tags.%": "0",
                            "vpc_id": "vpc-e146f79a"
                        },
                        "meta": {},
                        "tainted": false
                    },
                    "deposed": [],
                    "provider": ""
                },
                "aws_security_group.Internal-SG": {
                    "type": "aws_security_group",
                    "depends_on": [
                        "aws_vpc.Bancroft_Group"
                    ],
                    "primary": {
                        "id": "sg-2bb50e5d",
                        "attributes": {
                            "description": "Internal-SG",
                            "egress.#": "1",
                            "egress.482069346.cidr_blocks.#": "1",
                            "egress.482069346.cidr_blocks.0": "0.0.0.0/0",
                            "egress.482069346.from_port": "0",
                            "egress.482069346.prefix_list_ids.#": "0",
                            "egress.482069346.protocol": "-1",
                            "egress.482069346.security_groups.#": "0",
                            "egress.482069346.self": "false",
                            "egress.482069346.to_port": "0",
                            "id": "sg-2bb50e5d",
                            "ingress.#": "1",
                            "ingress.406767971.cidr_blocks.#": "1",
                            "ingress.406767971.cidr_blocks.0": "10.10.0.0/24",
                            "ingress.406767971.from_port": "22",
                            "ingress.406767971.protocol": "tcp",
                            "ingress.406767971.security_groups.#": "0",
                            "ingress.406767971.self": "false",
                            "ingress.406767971.to_port": "22",
                            "name": "Inernal-SG",
                            "owner_id": "752885555670",
                            "tags.%": "0",
                            "vpc_id": "vpc-e146f79a"
                        },
                        "meta": {},
                        "tainted": false
                    },
                    "deposed": [],
                    "provider": ""
                },
                "aws_security_group.allow_ssh": {
                    "type": "aws_security_group",
                    "depends_on": [
                        "aws_vpc.Bancroft_Group"
                    ],
                    "primary": {
                        "id": "sg-eca9129a",
                        "attributes": {
                            "description": " Allow SSH",
                            "egress.#": "1",
                            "egress.482069346.cidr_blocks.#": "1",
                            "egress.482069346.cidr_blocks.0": "0.0.0.0/0",
                            "egress.482069346.from_port": "0",
                            "egress.482069346.prefix_list_ids.#": "0",
                            "egress.482069346.protocol": "-1",
                            "egress.482069346.security_groups.#": "0",
                            "egress.482069346.self": "false",
                            "egress.482069346.to_port": "0",
                            "id": "sg-eca9129a",
                            "ingress.#": "2",
                            "ingress.2214680975.cidr_blocks.#": "1",
                            "ingress.2214680975.cidr_blocks.0": "0.0.0.0/0",
                            "ingress.2214680975.from_port": "80",
                            "ingress.2214680975.protocol": "tcp",
                            "ingress.2214680975.security_groups.#": "0",
                            "ingress.2214680975.self": "false",
                            "ingress.2214680975.to_port": "80",
                            "ingress.3294058285.cidr_blocks.#": "1",
                            "ingress.3294058285.cidr_blocks.0": "196.52.2.76/32",
                            "ingress.3294058285.from_port": "22",
                            "ingress.3294058285.protocol": "tcp",
                            "ingress.3294058285.security_groups.#": "0",
                            "ingress.3294058285.self": "false",
                            "ingress.3294058285.to_port": "22",
                            "name": "allow_ssh",
                            "owner_id": "752885555670",
                            "tags.%": "0",
                            "vpc_id": "vpc-e146f79a"
                        },
                        "meta": {},
                        "tainted": false
                    },
                    "deposed": [],
                    "provider": ""
                },
                "aws_subnet.pub_subnet_1": {
                    "type": "aws_subnet",
                    "depends_on": [
                        "aws_vpc.Bancroft_Group"
                    ],
                    "primary": {
                        "id": "subnet-6067484f",
                        "attributes": {
                            "availability_zone": "us-east-1a",
                            "cidr_block": "10.10.0.0/25",
                            "id": "subnet-6067484f",
                            "map_public_ip_on_launch": "true",
                            "tags.%": "1",
                            "tags.Name": "PUBLIC_SUBNET",
                            "vpc_id": "vpc-e146f79a"
                        },
                        "meta": {},
                        "tainted": false
                    },
                    "deposed": [],
                    "provider": ""
                },
                "aws_subnet.pub_subnet_2": {
                    "type": "aws_subnet",
                    "depends_on": [
                        "aws_vpc.Bancroft_Group"
                    ],
                    "primary": {
                        "id": "subnet-323ec878",
                        "attributes": {
                            "availability_zone": "us-east-1b",
                            "cidr_block": "10.10.0.128/25",
                            "id": "subnet-323ec878",
                            "map_public_ip_on_launch": "true",
                            "tags.%": "1",
                            "tags.Name": "PUBLIC_SUBNET",
                            "vpc_id": "vpc-e146f79a"
                        },
                        "meta": {},
                        "tainted": false
                    },
                    "deposed": [],
                    "provider": ""
                },
                "aws_vpc.Bancroft_Group": {
                    "type": "aws_vpc",
                    "depends_on": [],
                    "primary": {
                        "id": "vpc-e146f79a",
                        "attributes": {
                            "cidr_block": "10.10.0.0/20",
                            "default_network_acl_id": "acl-ebdbd690",
                            "default_route_table_id": "rtb-952482e9",
                            "default_security_group_id": "sg-22ab1054",
                            "dhcp_options_id": "dopt-53956f2a",
                            "enable_classiclink": "false",
                            "enable_dns_hostnames": "true",
                            "enable_dns_support": "true",
                            "id": "vpc-e146f79a",
                            "instance_tenancy": "default",
                            "main_route_table_id": "rtb-952482e9",
                            "tags.%": "1",
                            "tags.Name": "Bancroft_Group_VPC"
                        },
                        "meta": {},
                        "tainted": false
                    },
                    "deposed": [],
                    "provider": ""
                }
            },
            "depends_on": []
        }
    ]
}
